<?xml version="1.0" encoding="UTF-8" standalone="yes" ?>
<CodeBlocks_project_file>
	<FileVersion major="1" minor="6" />
	<Project>
		<Option title="materia_online" />
		<Option pch_mode="2" />
		<Option compiler="gcc" />
		<Build>
			<Target title="Debug">
				<Option output="materia_online" prefix_auto="1" extension_auto="1" />
				<Option object_output="obj\Debug\" />
				<Option type="1" />
				<Option compiler="gcc" />
				<Compiler>
					<Add option="-g" />
				</Compiler>
				<Linker>
					<Add library="libtnl\libtnl.a" />
					<Add library="libtnl\libtomcrypt.a" />
					<Add library="ws2_32" />
				</Linker>
			</Target>
			<Target title="Release">
				<Option output="materia_online" prefix_auto="1" extension_auto="1" />
				<Option object_output="obj\Release\" />
				<Option type="1" />
				<Option compiler="gcc" />
				<Compiler>
					<Add option="-O2" />
				</Compiler>
				<Linker>
					<Add option="-s" />
					<Add library="libtnl\libtnl.a" />
					<Add library="libtnl\libtomcrypt.a" />
					<Add library="libtnl\libtnld.a" />
					<Add library="ws2_32" />
				</Linker>
			</Target>
		</Build>
		<Compiler>
			<Add option="-Wall" />
		</Compiler>
		<Unit filename="battle.cpp" />
		<Unit filename="battle.h" />
		<Unit filename="c_battle_char.cpp" />
		<Unit filename="c_battle_char.h" />
		<Unit filename="c_char_data.cpp" />
		<Unit filename="c_char_data.h" />
		<Unit filename="c_skill_data.cpp" />
		<Unit filename="c_skill_data.h" />
		<Unit filename="constants.h" />
		<Unit filename="data\char_data.txt" />
		<Unit filename="data\skill_data.txt" />
		<Unit filename="game_design.txt" />
		<Unit filename="game_mechanics.txt" />
		<Unit filename="game_world.txt" />
		<Unit filename="libtnl\tnl.h" />
		<Unit filename="libtnl\tnlEventConnection.h" />
		<Unit filename="libtnl\tnlNetInterface.h" />
		<Unit filename="libtnl\tnlRPC.h" />
		<Unit filename="main.cpp" />
		<Unit filename="main.h" />
		<Unit filename="netMain.cpp" />
		<Unit filename="simpleNet.cpp" />
		<Unit filename="simpleNet.h" />
		<Unit filename="statClass.h" />
		<Unit filename="testFunc.h" />
		<Extensions>
			<code_completion />
			<envvars />
			<debugger />
			<lib_finder disable_auto="1" />
		</Extensions>
	</Project>
</CodeBlocks_project_file>
